
Microsoft Visual Studio Solution File, Format Version 12.00
# Visual Studio Version 17
VisualStudioVersion = 17.13.35913.81 d17.13
MinimumVisualStudioVersion = 10.0.40219.1
Project("{FAE04EC0-301F-11D3-BF4B-00C04F79EFBC}") = "VisaSponsorshipScoutBackgroundJob", "VisaSponsorshipScoutBackgroundJob.csproj", "{27CAC23A-32DE-4481-9A39-60A81E192EAE}"
EndProject
Global
	GlobalSection(SolutionConfigurationPlatforms) = preSolution
		Debug|Any CPU = Debug|Any CPU
		Release|Any CPU = Release|Any CPU
	EndGlobalSection
	GlobalSection(ProjectConfigurationPlatforms) = postSolution
		{27CAC23A-32DE-4481-9A39-60A81E192EAE}.Debug|Any CPU.ActiveCfg = Debug|Any CPU
		{27CAC23A-32DE-4481-9A39-60A81E192EAE}.Debug|Any CPU.Build.0 = Debug|Any CPU
		{27CAC23A-32DE-4481-9A39-60A81E192EAE}.Release|Any CPU.ActiveCfg = Release|Any CPU
		{27CAC23A-32DE-4481-9A39-60A81E192EAE}.Release|Any CPU.Build.0 = Release|Any CPU
	EndGlobalSection
	GlobalSection(SolutionProperties) = preSolution
		HideSolutionNode = FALSE
	EndGlobalSection
	GlobalSection(ExtensibilityGlobals) = postSolution
		SolutionGuid = {54706FB5-3539-4F67-B1A7-BC33D42CD518}
	EndGlobalSection
EndGlobal
